
Microsoft Visual Studio Solution File, Format Version 12.00
# Visual Studio Version 16
VisualStudioVersion = 16.0.30523.141
MinimumVisualStudioVersion = 10.0.40219.1
Project("{FAE04EC0-301F-11D3-BF4B-00C04F79EFBC}") = "VendingMachine", "VendingMachine\VendingMachine.csproj", "{2EF0C150-6693-4764-B06F-384BAA8408C5}"
EndProject
Project("{2150E333-8FDC-42A3-9474-1A3956D46DE8}") = "Solution Items", "Solution Items", "{A341939D-0191-48CF-AF8A-E2C90A25C5D9}"
	ProjectSection(SolutionItems) = preProject
		.editorconfig = .editorconfig
	EndProjectSection
EndProject
Global
	GlobalSection(SolutionConfigurationPlatforms) = preSolution
		Debug|Any CPU = Debug|Any CPU
		Release|Any CPU = Release|Any CPU
	EndGlobalSection
	GlobalSection(ProjectConfigurationPlatforms) = postSolution
		{2EF0C150-6693-4764-B06F-384BAA8408C5}.Debug|Any CPU.ActiveCfg = Debug|Any CPU
		{2EF0C150-6693-4764-B06F-384BAA8408C5}.Debug|Any CPU.Build.0 = Debug|Any CPU
		{2EF0C150-6693-4764-B06F-384BAA8408C5}.Release|Any CPU.ActiveCfg = Release|Any CPU
		{2EF0C150-6693-4764-B06F-384BAA8408C5}.Release|Any CPU.Build.0 = Release|Any CPU
	EndGlobalSection
	GlobalSection(SolutionProperties) = preSolution
		HideSolutionNode = FALSE
	EndGlobalSection
	GlobalSection(ExtensibilityGlobals) = postSolution
		SolutionGuid = {74507BBD-76AC-4CCD-AA96-2DE9D4E7A815}
	EndGlobalSection
EndGlobal
